# This file is automatically @generated by Cargo.
# It is not intended for manual editing.
version = 3

[[package]]
name = "hellometrics"
version = "0.1.0"
dependencies = [
 "opentelemetry",
 "opentelemetry-sdk",
]

[[package]]
name = "opentelemetry"
version = "0.1.0"

[[package]]
name = "opentelemetry-sdk"
version = "0.1.0"
dependencies = [
 "opentelemetry",
]
